version = 1
revision = 2
requires-python = "==3.9.*"

[[package]]
name = "chardet"
version = "5.0.0"
source = { registry = "https://pypi.org/simple" }
sdist = { url = "https://files.pythonhosted.org/packages/31/a2/12c090713b3d0e141f367236d3a8bdc3e5fca0d83ff3647af4892c16c205/chardet-5.0.0.tar.gz", hash = "sha256:0368df2bfd78b5fc20572bb4e9bb7fb53e2c094f60ae9993339e8671d0afb8aa", size = 2021116, upload-time = "2022-06-25T04:27:57.204Z" }
wheels = [
    { url = "https://files.pythonhosted.org/packages/4c/d1/1b96dd69fa42f20b70701b5cd42a75dd5f0c7a24dc0abfef35cc146210dc/chardet-5.0.0-py3-none-any.whl", hash = "sha256:d3e64f022d254183001eccc5db4040520c0f23b1a3f33d6413e099eb7f126557", size = 193628, upload-time = "2022-06-25T04:27:55.457Z" },
]

[[package]]
name = "colorama"
version = "0.4.6"
source = { registry = "https://pypi.org/simple" }
sdist = { url = "https://files.pythonhosted.org/packages/d8/53/6f443c9a4a8358a93a6792e2acffb9d9d5cb0a5cfd8802644b7b1c9a02e4/colorama-0.4.6.tar.gz", hash = "sha256:08695f5cb7ed6e0531a20572697297273c47b8cae5a63ffc6d6ed5c201be6e44", size = 27697, upload-time = "2022-10-25T02:36:22.414Z" }
wheels = [
    { url = "https://files.pythonhosted.org/packages/d1/d6/3965ed04c63042e047cb6a3e6ed1a63a35087b6a609aa3a15ed8ac56c221/colorama-0.4.6-py2.py3-none-any.whl", hash = "sha256:4f1d9991f5acc0ca119f9d443620b77f9d6b33703e51011c16baf57afb285fc6", size = 25335, upload-time = "2022-10-25T02:36:20.889Z" },
]

[[package]]
name = "dnspython"
version = "1.15.0"
source = { registry = "https://pypi.org/simple" }
sdist = { url = "https://files.pythonhosted.org/packages/e4/96/a598fa35f8a625bc39fed50cdbe3fd8a52ef215ef8475c17cabade6656cb/dnspython-1.15.0.zip", hash = "sha256:40f563e1f7a7b80dc5a4e76ad75c23da53d62f1e15e6e517293b04e1f84ead7c", size = 252157, upload-time = "2016-09-30T15:36:54.195Z" }
wheels = [
    { url = "https://files.pythonhosted.org/packages/a6/72/209e18bdfedfd78c6994e9ec96981624a5ad7738524dd474237268422cb8/dnspython-1.15.0-py2.py3-none-any.whl", hash = "sha256:861e6e58faa730f9845aaaa9c6c832851fbf89382ac52915a51f89c71accdd31", size = 177440, upload-time = "2016-10-08T23:44:34.823Z" },
]

[[package]]
name = "exceptiongroup"
version = "1.3.0"
source = { registry = "https://pypi.org/simple" }
dependencies = [
    { name = "typing-extensions" },
]
sdist = { url = "https://files.pythonhosted.org/packages/0b/9f/a65090624ecf468cdca03533906e7c69ed7588582240cfe7cc9e770b50eb/exceptiongroup-1.3.0.tar.gz", hash = "sha256:b241f5885f560bc56a59ee63ca4c6a8bfa46ae4ad651af316d4e81817bb9fd88", size = 29749, upload-time = "2025-05-10T17:42:51.123Z" }
wheels = [
    { url = "https://files.pythonhosted.org/packages/36/f4/c6e662dade71f56cd2f3735141b265c3c79293c109549c1e6933b0651ffc/exceptiongroup-1.3.0-py3-none-any.whl", hash = "sha256:4d111e6e0c13d0644cad6ddaa7ed0261a0b36971f6d23e7ec9b4b9097da78a10", size = 16674, upload-time = "2025-05-10T17:42:49.33Z" },
]

[[package]]
name = "execnet"
version = "2.1.1"
source = { registry = "https://pypi.org/simple" }
sdist = { url = "https://files.pythonhosted.org/packages/bb/ff/b4c0dc78fbe20c3e59c0c7334de0c27eb4001a2b2017999af398bf730817/execnet-2.1.1.tar.gz", hash = "sha256:5189b52c6121c24feae288166ab41b32549c7e2348652736540b9e6e7d4e72e3", size = 166524, upload-time = "2024-04-08T09:04:19.245Z" }
wheels = [
    { url = "https://files.pythonhosted.org/packages/43/09/2aea36ff60d16dd8879bdb2f5b3ee0ba8d08cbbdcdfe870e695ce3784385/execnet-2.1.1-py3-none-any.whl", hash = "sha256:26dee51f1b80cebd6d0ca8e74dd8745419761d3bef34163928cbebbdc4749fdc", size = 40612, upload-time = "2024-04-08T09:04:17.414Z" },
]

[[package]]
name = "frozendict"
version = "2.4.6"
source = { registry = "https://pypi.org/simple" }
sdist = { url = "https://files.pythonhosted.org/packages/bb/59/19eb300ba28e7547538bdf603f1c6c34793240a90e1a7b61b65d8517e35e/frozendict-2.4.6.tar.gz", hash = "sha256:df7cd16470fbd26fc4969a208efadc46319334eb97def1ddf48919b351192b8e", size = 316416, upload-time = "2024-10-13T12:15:32.449Z" }
wheels = [
    { url = "https://files.pythonhosted.org/packages/eb/7e/5d6e86b01742468e5265401529b60d4d24e4b61a751d24473a324da71b55/frozendict-2.4.6-cp39-cp39-macosx_10_9_x86_64.whl", hash = "sha256:a76cee5c4be2a5d1ff063188232fffcce05dde6fd5edd6afe7b75b247526490e", size = 38143, upload-time = "2024-10-13T12:15:12.3Z" },
    { url = "https://files.pythonhosted.org/packages/93/d0/3d66be6d154e2bbb4d49445c557f722b248c019b70982654e2440f303671/frozendict-2.4.6-cp39-cp39-macosx_11_0_arm64.whl", hash = "sha256:ba5ef7328706db857a2bdb2c2a17b4cd37c32a19c017cff1bb7eeebc86b0f411", size = 37954, upload-time = "2024-10-13T12:15:13.734Z" },
    { url = "https://files.pythonhosted.org/packages/b8/a2/5a178339345edff643240e48dd276581df64b1dd93eaa7d26556396a145b/frozendict-2.4.6-cp39-cp39-manylinux_2_17_aarch64.manylinux2014_aarch64.whl", hash = "sha256:669237c571856be575eca28a69e92a3d18f8490511eff184937283dc6093bd67", size = 117093, upload-time = "2024-10-13T12:15:15.621Z" },
    { url = "https://files.pythonhosted.org/packages/41/df/09a752239eb0661eeda0f34f14577c10edc6f3e4deb7652b3a3efff22ad4/frozendict-2.4.6-cp39-cp39-manylinux_2_17_x86_64.manylinux2014_x86_64.whl", hash = "sha256:0aaa11e7c472150efe65adbcd6c17ac0f586896096ab3963775e1c5c58ac0098", size = 116883, upload-time = "2024-10-13T12:15:17.521Z" },
    { url = "https://files.pythonhosted.org/packages/22/d4/619d1cfbc74be5641d839a5a2e292f9eac494aa557bfe7c266542c4014a2/frozendict-2.4.6-cp39-cp39-musllinux_1_2_aarch64.whl", hash = "sha256:b8f2829048f29fe115da4a60409be2130e69402e29029339663fac39c90e6e2b", size = 116314, upload-time = "2024-10-13T12:15:19.689Z" },
    { url = "https://files.pythonhosted.org/packages/41/b9/40042606a4ac458046ebeecc34cec2971e78e029ea3b6ad4e35833c7f8e6/frozendict-2.4.6-cp39-cp39-musllinux_1_2_x86_64.whl", hash = "sha256:94321e646cc39bebc66954a31edd1847d3a2a3483cf52ff051cd0996e7db07db", size = 117017, upload-time = "2024-10-13T12:15:21.718Z" },
    { url = "https://files.pythonhosted.org/packages/e1/6d/e99715f406d8f4297d08b5591365e7d91b39a24cdbaabd3861f95e283c52/frozendict-2.4.6-cp39-cp39-win_amd64.whl", hash = "sha256:74b6b26c15dddfefddeb89813e455b00ebf78d0a3662b89506b4d55c6445a9f4", size = 37815, upload-time = "2024-10-13T12:15:23.156Z" },
    { url = "https://files.pythonhosted.org/packages/80/75/cad77ff4bb58277a557becf837345de8f6384d3b1d71f932d22a13223b9e/frozendict-2.4.6-cp39-cp39-win_arm64.whl", hash = "sha256:7088102345d1606450bd1801a61139bbaa2cb0d805b9b692f8d81918ea835da6", size = 34368, upload-time = "2024-10-13T12:15:25.001Z" },
]

[[package]]
name = "html5lib"
version = "1.1"
source = { registry = "https://pypi.org/simple" }
dependencies = [
    { name = "six" },
    { name = "webencodings" },
]
sdist = { url = "https://files.pythonhosted.org/packages/ac/b6/b55c3f49042f1df3dcd422b7f224f939892ee94f22abcf503a9b7339eaf2/html5lib-1.1.tar.gz", hash = "sha256:b2e5b40261e20f354d198eae92afc10d750afb487ed5e50f9c4eaf07c184146f", size = 272215, upload-time = "2020-06-22T23:32:38.834Z" }
wheels = [
    { url = "https://files.pythonhosted.org/packages/6c/dd/a834df6482147d48e225a49515aabc28974ad5a4ca3215c18a882565b028/html5lib-1.1-py2.py3-none-any.whl", hash = "sha256:0d78f8fde1c230e99fe37986a60526d7049ed4bf8a9fadbad5f00e22e58e041d", size = 112173, upload-time = "2020-06-22T23:32:36.781Z" },
]

[[package]]
name = "iniconfig"
version = "2.1.0"
source = { registry = "https://pypi.org/simple" }
sdist = { url = "https://files.pythonhosted.org/packages/f2/97/ebf4da567aa6827c909642694d71c9fcf53e5b504f2d96afea02718862f3/iniconfig-2.1.0.tar.gz", hash = "sha256:3abbd2e30b36733fee78f9c7f7308f2d0050e88f0087fd25c2645f63c773e1c7", size = 4793, upload-time = "2025-03-19T20:09:59.721Z" }
wheels = [
    { url = "https://files.pythonhosted.org/packages/2c/e1/e6716421ea10d38022b952c159d5161ca1193197fb744506875fbb87ea7b/iniconfig-2.1.0-py3-none-any.whl", hash = "sha256:9deba5723312380e77435581c6bf4935c94cbfab9b1ed33ef8d238ea168eb760", size = 6050, upload-time = "2025-03-19T20:10:01.071Z" },
]

[[package]]
name = "isodate"
version = "0.7.2"
source = { registry = "https://pypi.org/simple" }
sdist = { url = "https://files.pythonhosted.org/packages/54/4d/e940025e2ce31a8ce1202635910747e5a87cc3a6a6bb2d00973375014749/isodate-0.7.2.tar.gz", hash = "sha256:4cd1aa0f43ca76f4a6c6c0292a85f40b35ec2e43e315b59f06e6d32171a953e6", size = 29705, upload-time = "2024-10-08T23:04:11.5Z" }
wheels = [
    { url = "https://files.pythonhosted.org/packages/15/aa/0aca39a37d3c7eb941ba736ede56d689e7be91cab5d9ca846bde3999eba6/isodate-0.7.2-py3-none-any.whl", hash = "sha256:28009937d8031054830160fce6d409ed342816b543597cece116d966c6d99e15", size = 22320, upload-time = "2024-10-08T23:04:09.501Z" },
]

[[package]]
name = "lxml"
version = "5.2.1"
source = { registry = "https://pypi.org/simple" }
sdist = { url = "https://files.pythonhosted.org/packages/ea/e2/3834472e7f18801e67a3cd6f3c203a5456d6f7f903cfb9a990e62098a2f3/lxml-5.2.1.tar.gz", hash = "sha256:3f7765e69bbce0906a7c74d5fe46d2c7a7596147318dbc08e4a2431f3060e306", size = 3675336, upload-time = "2024-04-02T18:24:57.714Z" }
wheels = [
    { url = "https://files.pythonhosted.org/packages/36/9b/b0f5598cc1273a59a753df742cb22b5b45cdc7ff187771e16bf13fff8ac8/lxml-5.2.1-cp39-cp39-macosx_10_9_universal2.whl", hash = "sha256:cf22b41fdae514ee2f1691b6c3cdeae666d8b7fa9434de445f12bbeee0cf48dd", size = 8523436, upload-time = "2024-04-02T18:21:49.842Z" },
    { url = "https://files.pythonhosted.org/packages/50/e2/a0c188cd68d9859355655d6f6f2d4501c39fddec2adfa7d5af4af0ef6068/lxml-5.2.1-cp39-cp39-macosx_10_9_x86_64.whl", hash = "sha256:ec42088248c596dbd61d4ae8a5b004f97a4d91a9fd286f632e42e60b706718d7", size = 4624067, upload-time = "2024-04-02T18:21:54.089Z" },
    { url = "https://files.pythonhosted.org/packages/72/ec/1b53fe8f13c2c98b8a3b099612e9285c46cfe7965db67ee8641ae3b13b65/lxml-5.2.1-cp39-cp39-manylinux_2_12_i686.manylinux2010_i686.manylinux_2_17_i686.manylinux2014_i686.whl", hash = "sha256:cd53553ddad4a9c2f1f022756ae64abe16da1feb497edf4d9f87f99ec7cf86bd", size = 5140505, upload-time = "2024-04-02T18:21:58.426Z" },
    { url = "https://files.pythonhosted.org/packages/18/27/22aa10cecf56cb0d6d90b0791096e7c71dbd16e88a5ba37eba6ccbd7d114/lxml-5.2.1-cp39-cp39-manylinux_2_17_aarch64.manylinux2014_aarch64.whl", hash = "sha256:feaa45c0eae424d3e90d78823f3828e7dc42a42f21ed420db98da2c4ecf0a2cb", size = 4839753, upload-time = "2024-04-02T18:22:02.286Z" },
    { url = "https://files.pythonhosted.org/packages/f5/bf/9a428b484740f40f2589a0ecf19f4fa37d7ded0fa284dcb3fd8bbc2b0a90/lxml-5.2.1-cp39-cp39-manylinux_2_17_ppc64le.manylinux2014_ppc64le.whl", hash = "sha256:ddc678fb4c7e30cf830a2b5a8d869538bc55b28d6c68544d09c7d0d8f17694dc", size = 5422294, upload-time = "2024-04-02T18:22:07.264Z" },
    { url = "https://files.pythonhosted.org/packages/31/44/b8f8572081490846e41905bd0485ddaf1499dbd6569292f523252a0f557a/lxml-5.2.1-cp39-cp39-manylinux_2_17_s390x.manylinux2014_s390x.whl", hash = "sha256:853e074d4931dbcba7480d4dcab23d5c56bd9607f92825ab80ee2bd916edea53", size = 4875396, upload-time = "2024-04-02T18:22:13.17Z" },
    { url = "https://files.pythonhosted.org/packages/c7/d7/19420ca74ecaa1f579542f9218150a9d8e09fbe3bc42cff48b5fd79e5642/lxml-5.2.1-cp39-cp39-manylinux_2_17_x86_64.manylinux2014_x86_64.whl", hash = "sha256:cc4691d60512798304acb9207987e7b2b7c44627ea88b9d77489bbe3e6cc3bd4", size = 5007597, upload-time = "2024-04-02T18:22:16.975Z" },
    { url = "https://files.pythonhosted.org/packages/4f/f2/fed3e99ec54abbda69ffd5dab9c0e50e3e2ee6096e17c5891522dc2ebf4a/lxml-5.2.1-cp39-cp39-manylinux_2_28_aarch64.whl", hash = "sha256:beb72935a941965c52990f3a32d7f07ce869fe21c6af8b34bf6a277b33a345d3", size = 4818146, upload-time = "2024-04-02T18:22:21.421Z" },
    { url = "https://files.pythonhosted.org/packages/5b/75/c94747eb3043abf75410481c3df8b038bbe8fa764e4df3d780f09ef84e41/lxml-5.2.1-cp39-cp39-manylinux_2_28_ppc64le.whl", hash = "sha256:6588c459c5627fefa30139be4d2e28a2c2a1d0d1c265aad2ba1935a7863a4913", size = 5471346, upload-time = "2024-04-02T18:22:25.233Z" },
    { url = "https://files.pythonhosted.org/packages/b0/ad/6ed93d24ec2a8ca0886e6ea24f096f72f417d785debbd6204daf1528399e/lxml-5.2.1-cp39-cp39-manylinux_2_28_s390x.whl", hash = "sha256:588008b8497667f1ddca7c99f2f85ce8511f8f7871b4a06ceede68ab62dff64b", size = 4979368, upload-time = "2024-04-02T18:22:30.137Z" },
    { url = "https://files.pythonhosted.org/packages/34/ab/e6eb4db91910f053e6840693cd97c10ffa9f96cc9b340914e462c973d256/lxml-5.2.1-cp39-cp39-manylinux_2_28_x86_64.whl", hash = "sha256:b6787b643356111dfd4032b5bffe26d2f8331556ecb79e15dacb9275da02866e", size = 5018300, upload-time = "2024-04-02T18:22:34.818Z" },
    { url = "https://files.pythonhosted.org/packages/c9/a5/1da8aa6afdffbd7de38af0ba3cd92e7f3f9653266407b4c66b9606c0137d/lxml-5.2.1-cp39-cp39-musllinux_1_1_aarch64.whl", hash = "sha256:7c17b64b0a6ef4e5affae6a3724010a7a66bda48a62cfe0674dabd46642e8b54", size = 4867397, upload-time = "2024-04-02T18:22:39.306Z" },
    { url = "https://files.pythonhosted.org/packages/8c/93/365779368884fb225ad6ecb9e1489aa0c8ed6287e09824df2f46bd4c305d/lxml-5.2.1-cp39-cp39-musllinux_1_1_ppc64le.whl", hash = "sha256:27aa20d45c2e0b8cd05da6d4759649170e8dfc4f4e5ef33a34d06f2d79075d57", size = 5418955, upload-time = "2024-04-02T18:22:44.167Z" },
    { url = "https://files.pythonhosted.org/packages/a8/05/adc662e205ae4465c37f2237e4385ea6031f883d997e908adab87faa9407/lxml-5.2.1-cp39-cp39-musllinux_1_1_s390x.whl", hash = "sha256:d4f2cc7060dc3646632d7f15fe68e2fa98f58e35dd5666cd525f3b35d3fed7f8", size = 4840574, upload-time = "2024-04-02T18:22:48.191Z" },
    { url = "https://files.pythonhosted.org/packages/0a/30/5be58b119d4e82f903b7d15e04f0148361df582e5611b13e4d0702327407/lxml-5.2.1-cp39-cp39-musllinux_1_1_x86_64.whl", hash = "sha256:ff46d772d5f6f73564979cd77a4fffe55c916a05f3cb70e7c9c0590059fb29ef", size = 5000026, upload-time = "2024-04-02T18:22:52.653Z" },
    { url = "https://files.pythonhosted.org/packages/13/bd/6f00037d5a76d440080e1789e2b1ce5af3e95c8837dbd093d410d27329f3/lxml-5.2.1-cp39-cp39-musllinux_1_2_aarch64.whl", hash = "sha256:96323338e6c14e958d775700ec8a88346014a85e5de73ac7967db0367582049b", size = 4861256, upload-time = "2024-04-02T18:22:57.481Z" },
    { url = "https://files.pythonhosted.org/packages/a9/ac/dc3a108816d8f9b204e99f581db48aa0072bdca05e111d80ae5df70920e0/lxml-5.2.1-cp39-cp39-musllinux_1_2_ppc64le.whl", hash = "sha256:52421b41ac99e9d91934e4d0d0fe7da9f02bfa7536bb4431b4c05c906c8c6919", size = 5507859, upload-time = "2024-04-02T18:23:01.628Z" },
    { url = "https://files.pythonhosted.org/packages/05/7c/899457a8ec19a6d3d4b0160bba1f3c42a68793a1e72b3649bc0aa9a4837a/lxml-5.2.1-cp39-cp39-musllinux_1_2_s390x.whl", hash = "sha256:7a7efd5b6d3e30d81ec68ab8a88252d7c7c6f13aaa875009fe3097eb4e30b84c", size = 4948024, upload-time = "2024-04-02T18:23:06.256Z" },
    { url = "https://files.pythonhosted.org/packages/ce/45/6671c6b930eaccab9442b7d89832ae986a52fbe7956d1ed7726aa503fc9c/lxml-5.2.1-cp39-cp39-musllinux_1_2_x86_64.whl", hash = "sha256:0ed777c1e8c99b63037b91f9d73a6aad20fd035d77ac84afcc205225f8f41188", size = 5036845, upload-time = "2024-04-02T18:23:10.788Z" },
    { url = "https://files.pythonhosted.org/packages/12/17/98894686e7aaa5f5168a293ae87dac53ab81363f5cd68f6991a336b8f360/lxml-5.2.1-cp39-cp39-win32.whl", hash = "sha256:644df54d729ef810dcd0f7732e50e5ad1bd0a135278ed8d6bcb06f33b6b6f708", size = 3479401, upload-time = "2024-04-02T18:23:14.331Z" },
    { url = "https://files.pythonhosted.org/packages/fa/49/b430692c850591cfa9b3b66864b4d03c806705374da977a6c37b4e2e621a/lxml-5.2.1-cp39-cp39-win_amd64.whl", hash = "sha256:9ca66b8e90daca431b7ca1408cae085d025326570e57749695d6a01454790e95", size = 3809285, upload-time = "2024-04-02T18:23:17.759Z" },
    { url = "https://files.pythonhosted.org/packages/84/b2/5bfd28ad4029cd588703887486a24ca86f978940348de53b3e8ce0611c5a/lxml-5.2.1-pp39-pypy39_pp73-macosx_10_9_x86_64.whl", hash = "sha256:a0af35bd8ebf84888373630f73f24e86bf016642fb8576fba49d3d6b560b7cbc", size = 4072199, upload-time = "2024-04-02T18:24:34.935Z" },
    { url = "https://files.pythonhosted.org/packages/0b/88/92ba489b430bd39a16acc706f4f2d62293bd1b5d267b00bf66540ea87c7a/lxml-5.2.1-pp39-pypy39_pp73-manylinux_2_17_aarch64.manylinux2014_aarch64.whl", hash = "sha256:f8aca2e3a72f37bfc7b14ba96d4056244001ddcc18382bd0daa087fd2e68a354", size = 4214151, upload-time = "2024-04-02T18:24:38.713Z" },
    { url = "https://files.pythonhosted.org/packages/75/39/c6ba744031c974168860b8f4a158a3a8fc7d0dce20c043f240a2feb17a1d/lxml-5.2.1-pp39-pypy39_pp73-manylinux_2_17_x86_64.manylinux2014_x86_64.whl", hash = "sha256:5ca1e8188b26a819387b29c3895c47a5e618708fe6f787f3b1a471de2c4a94d9", size = 4320303, upload-time = "2024-04-02T18:24:42.437Z" },
    { url = "https://files.pythonhosted.org/packages/d9/f7/5adb745debebb65735b1475c77e9f6d08dfc616123ca2635ac3913a336ea/lxml-5.2.1-pp39-pypy39_pp73-manylinux_2_28_aarch64.whl", hash = "sha256:c8ba129e6d3b0136a0f50345b2cb3db53f6bda5dd8c7f5d83fbccba97fb5dcb5", size = 4212375, upload-time = "2024-04-02T18:24:46.184Z" },
    { url = "https://files.pythonhosted.org/packages/e9/07/01eaac54100cd7ccd77f8bd1e1e15b7c1d0351d59f1f4ca716e91230580f/lxml-5.2.1-pp39-pypy39_pp73-manylinux_2_28_x86_64.whl", hash = "sha256:e998e304036198b4f6914e6a1e2b6f925208a20e2042563d9734881150c6c246", size = 4337413, upload-time = "2024-04-02T18:24:50.383Z" },
    { url = "https://files.pythonhosted.org/packages/21/ed/0f7780234347f63e1c16eafd0df785b402c8f4333fa8ea2680732206e317/lxml-5.2.1-pp39-pypy39_pp73-win_amd64.whl", hash = "sha256:d3be9b2076112e51b323bdf6d5a7f8a798de55fb8d95fcb64bd179460cdc0704", size = 3486516, upload-time = "2024-04-02T18:24:53.743Z" },
]

[[package]]
name = "packaging"
version = "25.0"
source = { registry = "https://pypi.org/simple" }
sdist = { url = "https://files.pythonhosted.org/packages/a1/d4/1fc4078c65507b51b96ca8f8c3ba19e6a61c8253c72794544580a7b6c24d/packaging-25.0.tar.gz", hash = "sha256:d443872c98d677bf60f6a1f2f8c1cb748e8fe762d2bf9d3148b5599295b0fc4f", size = 165727, upload-time = "2025-04-19T11:48:59.673Z" }
wheels = [
    { url = "https://files.pythonhosted.org/packages/20/12/38679034af332785aac8774540895e234f4d07f7545804097de4b666afd8/packaging-25.0-py3-none-any.whl", hash = "sha256:29572ef2b1f17581046b3a2227d5c611fb25ec70ca1ba8554b24b0e69331a484", size = 66469, upload-time = "2025-04-19T11:48:57.875Z" },
]

[[package]]
name = "pluggy"
version = "1.6.0"
source = { registry = "https://pypi.org/simple" }
sdist = { url = "https://files.pythonhosted.org/packages/f9/e2/3e91f31a7d2b083fe6ef3fa267035b518369d9511ffab804f839851d2779/pluggy-1.6.0.tar.gz", hash = "sha256:7dcc130b76258d33b90f61b658791dede3486c3e6bfb003ee5c9bfb396dd22f3", size = 69412, upload-time = "2025-05-15T12:30:07.975Z" }
wheels = [
    { url = "https://files.pythonhosted.org/packages/54/20/4d324d65cc6d9205fabedc306948156824eb9f0ee1633355a8f7ec5c66bf/pluggy-1.6.0-py3-none-any.whl", hash = "sha256:e920276dd6813095e9377c0bc5566d94c932c33b27a3e3945d8389c374dd4746", size = 20538, upload-time = "2025-05-15T12:30:06.134Z" },
]

[[package]]
name = "psutil"
version = "5.9.8"
source = { registry = "https://pypi.org/simple" }
sdist = { url = "https://files.pythonhosted.org/packages/90/c7/6dc0a455d111f68ee43f27793971cf03fe29b6ef972042549db29eec39a2/psutil-5.9.8.tar.gz", hash = "sha256:6be126e3225486dff286a8fb9a06246a5253f4c7c53b475ea5f5ac934e64194c", size = 503247, upload-time = "2024-01-19T20:47:09.517Z" }
wheels = [
    { url = "https://files.pythonhosted.org/packages/e7/e3/07ae864a636d70a8a6f58da27cb1179192f1140d5d1da10886ade9405797/psutil-5.9.8-cp36-abi3-macosx_10_9_x86_64.whl", hash = "sha256:aee678c8720623dc456fa20659af736241f575d79429a0e5e9cf88ae0605cc81", size = 248702, upload-time = "2024-01-19T20:47:36.303Z" },
    { url = "https://files.pythonhosted.org/packages/b3/bd/28c5f553667116b2598b9cc55908ec435cb7f77a34f2bff3e3ca765b0f78/psutil-5.9.8-cp36-abi3-manylinux_2_12_i686.manylinux2010_i686.manylinux_2_17_i686.manylinux2014_i686.whl", hash = "sha256:8cb6403ce6d8e047495a701dc7c5bd788add903f8986d523e3e20b98b733e421", size = 285242, upload-time = "2024-01-19T20:47:39.65Z" },
    { url = "https://files.pythonhosted.org/packages/c5/4f/0e22aaa246f96d6ac87fe5ebb9c5a693fbe8877f537a1022527c47ca43c5/psutil-5.9.8-cp36-abi3-manylinux_2_12_x86_64.manylinux2010_x86_64.manylinux_2_17_x86_64.manylinux2014_x86_64.whl", hash = "sha256:d06016f7f8625a1825ba3732081d77c94589dca78b7a3fc072194851e88461a4", size = 288191, upload-time = "2024-01-19T20:47:43.078Z" },
    { url = "https://files.pythonhosted.org/packages/6e/f5/2aa3a4acdc1e5940b59d421742356f133185667dd190b166dbcfcf5d7b43/psutil-5.9.8-cp37-abi3-win32.whl", hash = "sha256:bc56c2a1b0d15aa3eaa5a60c9f3f8e3e565303b465dbf57a1b730e7a2b9844e0", size = 251252, upload-time = "2024-01-19T20:47:52.88Z" },
    { url = "https://files.pythonhosted.org/packages/93/52/3e39d26feae7df0aa0fd510b14012c3678b36ed068f7d78b8d8784d61f0e/psutil-5.9.8-cp37-abi3-win_amd64.whl", hash = "sha256:8db4c1b57507eef143a15a6884ca10f7c73876cdf5d51e713151c1236a0e68cf", size = 255090, upload-time = "2024-01-19T20:47:56.019Z" },
    { url = "https://files.pythonhosted.org/packages/05/33/2d74d588408caedd065c2497bdb5ef83ce6082db01289a1e1147f6639802/psutil-5.9.8-cp38-abi3-macosx_11_0_arm64.whl", hash = "sha256:d16bbddf0693323b8c6123dd804100241da461e41d6e332fb0ba6058f630f8c8", size = 249898, upload-time = "2024-01-19T20:47:59.238Z" },
]

[[package]]
name = "pygments"
version = "2.19.1"
source = { registry = "https://pypi.org/simple" }
sdist = { url = "https://files.pythonhosted.org/packages/7c/2d/c3338d48ea6cc0feb8446d8e6937e1408088a72a39937982cc6111d17f84/pygments-2.19.1.tar.gz", hash = "sha256:61c16d2a8576dc0649d9f39e089b5f02bcd27fba10d8fb4dcc28173f7a45151f", size = 4968581, upload-time = "2025-01-06T17:26:30.443Z" }
wheels = [
    { url = "https://files.pythonhosted.org/packages/8a/0b/9fcc47d19c48b59121088dd6da2488a49d5f72dacf8262e2790a1d2c7d15/pygments-2.19.1-py3-none-any.whl", hash = "sha256:9ea1544ad55cecf4b8242fab6dd35a93bbce657034b0611ee383099054ab6d8c", size = 1225293, upload-time = "2025-01-06T17:26:25.553Z" },
]

[[package]]
name = "pytest"
version = "8.4.0"
source = { registry = "https://pypi.org/simple" }
dependencies = [
    { name = "colorama", marker = "sys_platform == 'win32'" },
    { name = "exceptiongroup" },
    { name = "iniconfig" },
    { name = "packaging" },
    { name = "pluggy" },
    { name = "pygments" },
    { name = "tomli" },
]
sdist = { url = "https://files.pythonhosted.org/packages/fb/aa/405082ce2749be5398045152251ac69c0f3578c7077efc53431303af97ce/pytest-8.4.0.tar.gz", hash = "sha256:14d920b48472ea0dbf68e45b96cd1ffda4705f33307dcc86c676c1b5104838a6", size = 1515232, upload-time = "2025-06-02T17:36:30.03Z" }
wheels = [
    { url = "https://files.pythonhosted.org/packages/2f/de/afa024cbe022b1b318a3d224125aa24939e99b4ff6f22e0ba639a2eaee47/pytest-8.4.0-py3-none-any.whl", hash = "sha256:f40f825768ad76c0977cbacdf1fd37c6f7a468e460ea6a0636078f8972d4517e", size = 363797, upload-time = "2025-06-02T17:36:27.859Z" },
]

[[package]]
name = "pytest-xdist"
version = "3.7.0"
source = { registry = "https://pypi.org/simple" }
dependencies = [
    { name = "execnet" },
    { name = "pytest" },
]
sdist = { url = "https://files.pythonhosted.org/packages/49/dc/865845cfe987b21658e871d16e0a24e871e00884c545f246dd8f6f69edda/pytest_xdist-3.7.0.tar.gz", hash = "sha256:f9248c99a7c15b7d2f90715df93610353a485827bc06eefb6566d23f6400f126", size = 87550, upload-time = "2025-05-26T21:18:20.251Z" }
wheels = [
    { url = "https://files.pythonhosted.org/packages/0d/b2/0e802fde6f1c5b2f7ae7e9ad42b83fd4ecebac18a8a8c2f2f14e39dce6e1/pytest_xdist-3.7.0-py3-none-any.whl", hash = "sha256:7d3fbd255998265052435eb9daa4e99b62e6fb9cfb6efd1f858d4d8c0c7f0ca0", size = 46142, upload-time = "2025-05-26T21:18:18.759Z" },
]

[[package]]
name = "six"
version = "1.17.0"
source = { registry = "https://pypi.org/simple" }
sdist = { url = "https://files.pythonhosted.org/packages/94/e7/b2c673351809dca68a0e064b6af791aa332cf192da575fd474ed7d6f16a2/six-1.17.0.tar.gz", hash = "sha256:ff70335d468e7eb6ec65b95b99d3a2836546063f63acc5171de367e834932a81", size = 34031, upload-time = "2024-12-04T17:35:28.174Z" }
wheels = [
    { url = "https://files.pythonhosted.org/packages/b7/ce/149a00dd41f10bc29e5921b496af8b574d8413afcd5e30dfa0ed46c2cc5e/six-1.17.0-py2.py3-none-any.whl", hash = "sha256:4721f391ed90541fddacab5acf947aa0d3dc7d27b2e1e8eda2be8970586c3274", size = 11050, upload-time = "2024-12-04T17:35:26.475Z" },
]

[[package]]
name = "sqlalchemy"
version = "1.3.24"
source = { registry = "https://pypi.org/simple" }
sdist = { url = "https://files.pythonhosted.org/packages/c5/ab/81bef2f960abf3cdaf32fbf1994f0c6f5e6a5f1667b5713ed6ebf162b6a2/SQLAlchemy-1.3.24.tar.gz", hash = "sha256:ebbb777cbf9312359b897bf81ba00dae0f5cb69fba2a18265dcc18a6f5ef7519", size = 6353598, upload-time = "2021-03-30T23:04:30.273Z" }
wheels = [
    { url = "https://files.pythonhosted.org/packages/b6/08/429c28a62519fcfba08d4a66a3bca99252310a4f76cadee42dcb34cefa2e/SQLAlchemy-1.3.24-cp39-cp39-macosx_10_14_x86_64.whl", hash = "sha256:01aa5f803db724447c1d423ed583e42bf5264c597fd55e4add4301f163b0be48", size = 1215281, upload-time = "2021-03-30T23:23:15.29Z" },
    { url = "https://files.pythonhosted.org/packages/e6/0a/103457612b9d2fbdff9b93e02a3adeb0d00061413cdd6a69e5dde77ff83c/SQLAlchemy-1.3.24-cp39-cp39-manylinux1_x86_64.whl", hash = "sha256:4d0e3515ef98aa4f0dc289ff2eebb0ece6260bbf37c2ea2022aad63797eacf60", size = 1268099, upload-time = "2021-03-30T23:18:23.398Z" },
    { url = "https://files.pythonhosted.org/packages/d8/d7/3c56888525cb3ed8be4725450b542e35d3421265a51af9806a0e3a34fb93/SQLAlchemy-1.3.24-cp39-cp39-manylinux2010_x86_64.whl", hash = "sha256:bce28277f308db43a6b4965734366f533b3ff009571ec7ffa583cb77539b84d6", size = 1268100, upload-time = "2021-03-30T23:18:24.753Z" },
    { url = "https://files.pythonhosted.org/packages/da/5e/cf330cf8dafa295c22685ffc1a590d4499bc702c538ecb109fbad35211ab/SQLAlchemy-1.3.24-cp39-cp39-manylinux2014_aarch64.whl", hash = "sha256:8110e6c414d3efc574543109ee618fe2c1f96fa31833a1ff36cc34e968c4f233", size = 1269086, upload-time = "2021-03-30T23:33:14.958Z" },
    { url = "https://files.pythonhosted.org/packages/e9/4a/7c6e83dae21e3c2e5df3a841b27bc7c19b9c4392deee43ef900a29c3e271/SQLAlchemy-1.3.24-cp39-cp39-win32.whl", hash = "sha256:ee5f5188edb20a29c1cc4a039b074fdc5575337c9a68f3063449ab47757bb064", size = 1231413, upload-time = "2021-03-30T23:23:40.718Z" },
    { url = "https://files.pythonhosted.org/packages/dc/48/9ef0d1e2b67f84ba236233fa5e782c2ea0e50ddb09e0d61697bffaa0b670/SQLAlchemy-1.3.24-cp39-cp39-win_amd64.whl", hash = "sha256:09083c2487ca3c0865dc588e07aeaa25416da3d95f7482c07e92f47e080aa17b", size = 1233298, upload-time = "2021-03-30T23:23:01.097Z" },
]

[[package]]
name = "tomli"
version = "2.2.1"
source = { registry = "https://pypi.org/simple" }
sdist = { url = "https://files.pythonhosted.org/packages/18/87/302344fed471e44a87289cf4967697d07e532f2421fdaf868a303cbae4ff/tomli-2.2.1.tar.gz", hash = "sha256:cd45e1dc79c835ce60f7404ec8119f2eb06d38b1deba146f07ced3bbc44505ff", size = 17175, upload-time = "2024-11-27T22:38:36.873Z" }
wheels = [
    { url = "https://files.pythonhosted.org/packages/6e/c2/61d3e0f47e2b74ef40a68b9e6ad5984f6241a942f7cd3bbfbdbd03861ea9/tomli-2.2.1-py3-none-any.whl", hash = "sha256:cb55c73c5f4408779d0cf3eef9f762b9c9f147a77de7b258bef0a5628adc85cc", size = 14257, upload-time = "2024-11-27T22:38:35.385Z" },
]

[[package]]
name = "tornado"
version = "4.5.3"
source = { registry = "https://pypi.org/simple" }
sdist = { url = "https://files.pythonhosted.org/packages/e3/7b/e29ab3d51c8df66922fea216e2bddfcb6430fb29620e5165b16a216e0d3c/tornado-4.5.3.tar.gz", hash = "sha256:6d14e47eab0e15799cf3cdcc86b0b98279da68522caace2bd7ce644287685f0a", size = 484221, upload-time = "2018-01-06T18:09:44.213Z" }

[[package]]
name = "typing-extensions"
version = "4.14.0"
source = { registry = "https://pypi.org/simple" }
sdist = { url = "https://files.pythonhosted.org/packages/d1/bc/51647cd02527e87d05cb083ccc402f93e441606ff1f01739a62c8ad09ba5/typing_extensions-4.14.0.tar.gz", hash = "sha256:8676b788e32f02ab42d9e7c61324048ae4c6d844a399eebace3d4979d75ceef4", size = 107423, upload-time = "2025-06-02T14:52:11.399Z" }
wheels = [
    { url = "https://files.pythonhosted.org/packages/69/e0/552843e0d356fbb5256d21449fa957fa4eff3bbc135a74a691ee70c7c5da/typing_extensions-4.14.0-py3-none-any.whl", hash = "sha256:a1514509136dd0b477638fc68d6a91497af5076466ad0fa6c338e44e359944af", size = 43839, upload-time = "2025-06-02T14:52:10.026Z" },
]

[[package]]
name = "warcat"
version = "2.2.5"
source = { registry = "https://pypi.org/simple" }
dependencies = [
    { name = "isodate" },
]
sdist = { url = "https://files.pythonhosted.org/packages/51/78/3abb1702eae1ac1dec44a0d1d366ff10394679894b7a2acc6b6efd0db898/Warcat-2.2.5.tar.gz", hash = "sha256:a3d7af6b4f1cbc6244833e19904932647c8f57d46a2b770fc499a1ec5ca8a8bd", size = 57866, upload-time = "2017-04-15T00:58:48.201Z" }

[[package]]
name = "webencodings"
version = "0.5.1"
source = { registry = "https://pypi.org/simple" }
sdist = { url = "https://files.pythonhosted.org/packages/0b/02/ae6ceac1baeda530866a85075641cec12989bd8d31af6d5ab4a3e8c92f47/webencodings-0.5.1.tar.gz", hash = "sha256:b36a1c245f2d304965eb4e0a82848379241dc04b865afcc4aab16748587e1923", size = 9721, upload-time = "2017-04-05T20:21:34.189Z" }
wheels = [
    { url = "https://files.pythonhosted.org/packages/f4/24/2a3e3df732393fed8b3ebf2ec078f05546de641fe1b667ee316ec1dcf3b7/webencodings-0.5.1-py2.py3-none-any.whl", hash = "sha256:a0af1213f3c2226497a97e2b3aa01a7e4bee4f403f95be16fc9acd2947514a78", size = 11774, upload-time = "2017-04-05T20:21:32.581Z" },
]

[[package]]
name = "wpull"
source = { editable = "." }
dependencies = [
    { name = "chardet" },
    { name = "dnspython" },
    { name = "frozendict" },
    { name = "html5lib" },
    { name = "lxml" },
    { name = "psutil" },
    { name = "sqlalchemy" },
    { name = "tornado" },
    { name = "yapsy" },
]

[package.dev-dependencies]
dev = [
    { name = "pytest" },
    { name = "pytest-xdist" },
    { name = "warcat" },
]

[package.metadata]
requires-dist = [
    { name = "chardet", specifier = "==5.0.0" },
    { name = "dnspython", specifier = "<2" },
    { name = "frozendict", specifier = ">=2.4.6" },
    { name = "html5lib", specifier = "==1.1" },
    { name = "lxml", specifier = "==5.2.1" },
    { name = "psutil", specifier = ">5,<6" },
    { name = "sqlalchemy", specifier = ">=1.3,<1.4" },
    { name = "tornado", specifier = ">=3.2.2,<5.0" },
    { name = "yapsy", specifier = "==1.12.2" },
]

[package.metadata.requires-dev]
dev = [
    { name = "pytest", specifier = ">=8.4.0" },
    { name = "pytest-xdist", specifier = ">=3.7.0" },
    { name = "warcat", specifier = ">=2.2.5" },
]

[[package]]
name = "yapsy"
version = "1.12.2"
source = { registry = "https://pypi.org/simple" }
sdist = { url = "https://files.pythonhosted.org/packages/f1/4c/c771fbc77045a45678cdd78f57fd4006259767c363c1f884071debd200f7/Yapsy-1.12.2.tar.gz", hash = "sha256:d8113d9f9c74eacf65b4663c9c037d278c9cb273b5eee5f0e1803baeedb23f8b", size = 83986, upload-time = "2019-07-27T17:51:18.769Z" }
